
Microsoft Visual Studio Solution File, Format Version 12.00
# Visual Studio Version 17
VisualStudioVersion = 17.0.32014.148
MinimumVisualStudioVersion = 10.0.40219.1
Project("{9A19103F-16F7-4668-BE54-9A1E7A4F7556}") = "ModApi", "ModApi\ModApi.csproj", "{BFA2BA57-8A41-41D3-A8ED-EB4BBCC1A57E}"
EndProject
Project("{2150E333-8FDC-42A3-9474-1A3956D46DE8}") = "targets", "targets", "{F5F402D9-EE54-4A36-B6CE-23259340D797}"
	ProjectSection(SolutionItems) = preProject
		common.targets = common.targets
		private.targets = private.targets
	EndProjectSection
EndProject
Project("{9A19103F-16F7-4668-BE54-9A1E7A4F7556}") = "LBAZModTemplates", "Templates\LBAZModTemplates.csproj", "{6F8CD0E1-D620-4FC4-96E4-54DE30F6DA08}"
EndProject
Project("{9A19103F-16F7-4668-BE54-9A1E7A4F7556}") = "DebugCheats", "DebugCheats\DebugCheats\DebugCheats.csproj", "{4A3F5547-3367-4C19-9871-3C18CE1DF0BB}"
EndProject
Project("{9A19103F-16F7-4668-BE54-9A1E7A4F7556}") = "CustomBuildings", "CustomBuildings\CustomBuildings\CustomBuildings.csproj", "{78FFE30B-CFFC-45E5-995C-E3DC4A1F29B2}"
EndProject
Project("{9A19103F-16F7-4668-BE54-9A1E7A4F7556}") = "ModHook", "ModHook\ModHook.csproj", "{1403A48D-48BB-4987-9D63-2173F58C0056}"
EndProject
Global
	GlobalSection(SolutionConfigurationPlatforms) = preSolution
		Debug|Any CPU = Debug|Any CPU
		Release|Any CPU = Release|Any CPU
	EndGlobalSection
	GlobalSection(ProjectConfigurationPlatforms) = postSolution
		{BFA2BA57-8A41-41D3-A8ED-EB4BBCC1A57E}.Debug|Any CPU.ActiveCfg = Debug|Any CPU
		{BFA2BA57-8A41-41D3-A8ED-EB4BBCC1A57E}.Debug|Any CPU.Build.0 = Debug|Any CPU
		{BFA2BA57-8A41-41D3-A8ED-EB4BBCC1A57E}.Release|Any CPU.ActiveCfg = Release|Any CPU
		{BFA2BA57-8A41-41D3-A8ED-EB4BBCC1A57E}.Release|Any CPU.Build.0 = Release|Any CPU
		{6F8CD0E1-D620-4FC4-96E4-54DE30F6DA08}.Debug|Any CPU.ActiveCfg = Debug|Any CPU
		{6F8CD0E1-D620-4FC4-96E4-54DE30F6DA08}.Debug|Any CPU.Build.0 = Debug|Any CPU
		{6F8CD0E1-D620-4FC4-96E4-54DE30F6DA08}.Release|Any CPU.ActiveCfg = Release|Any CPU
		{6F8CD0E1-D620-4FC4-96E4-54DE30F6DA08}.Release|Any CPU.Build.0 = Release|Any CPU
		{4A3F5547-3367-4C19-9871-3C18CE1DF0BB}.Debug|Any CPU.ActiveCfg = Debug|Any CPU
		{4A3F5547-3367-4C19-9871-3C18CE1DF0BB}.Debug|Any CPU.Build.0 = Debug|Any CPU
		{4A3F5547-3367-4C19-9871-3C18CE1DF0BB}.Release|Any CPU.ActiveCfg = Release|Any CPU
		{4A3F5547-3367-4C19-9871-3C18CE1DF0BB}.Release|Any CPU.Build.0 = Release|Any CPU
		{78FFE30B-CFFC-45E5-995C-E3DC4A1F29B2}.Debug|Any CPU.ActiveCfg = Debug|Any CPU
		{78FFE30B-CFFC-45E5-995C-E3DC4A1F29B2}.Debug|Any CPU.Build.0 = Debug|Any CPU
		{78FFE30B-CFFC-45E5-995C-E3DC4A1F29B2}.Release|Any CPU.ActiveCfg = Release|Any CPU
		{78FFE30B-CFFC-45E5-995C-E3DC4A1F29B2}.Release|Any CPU.Build.0 = Release|Any CPU
		{1403A48D-48BB-4987-9D63-2173F58C0056}.Debug|Any CPU.ActiveCfg = Debug|Any CPU
		{1403A48D-48BB-4987-9D63-2173F58C0056}.Debug|Any CPU.Build.0 = Debug|Any CPU
		{1403A48D-48BB-4987-9D63-2173F58C0056}.Release|Any CPU.ActiveCfg = Release|Any CPU
		{1403A48D-48BB-4987-9D63-2173F58C0056}.Release|Any CPU.Build.0 = Release|Any CPU
	EndGlobalSection
	GlobalSection(SolutionProperties) = preSolution
		HideSolutionNode = FALSE
	EndGlobalSection
	GlobalSection(ExtensibilityGlobals) = postSolution
		SolutionGuid = {0072A22A-C753-4106-9693-E504FE2C2ECC}
	EndGlobalSection
EndGlobal
